// !$*UTF8*$!
{
	archiveVersion = 1;
	classes = {
	};
	objectVersion = 46;
	objects = {

/* Begin PBXBuildFile section */
		77C332EF1EE19E1E00C1E153 /* Twitter.framework in Frameworks */ = {isa = PBXBuildFile; fileRef = 77C332EE1EE19E1E00C1E153 /* Twitter.framework */; };
		77C332F01EE19E1E00C1E153 /* Twitter.framework in Embed Frameworks */ = {isa = PBXBuildFile; fileRef = 77C332EE1EE19E1E00C1E153 /* Twitter.framework */; settings = {ATTRIBUTES = (CodeSignOnCopy, RemoveHeadersOnCopy, ); }; };
		77C332F41EE6D18000C1E153 /* TweetTableViewCell.swift in Sources */ = {isa = PBXBuildFile; fileRef = 77C332F31EE6D18000C1E153 /* TweetTableViewCell.swift */; };
		77C332F61EE6D30500C1E153 /* Utils.swift in Sources */ = {isa = PBXBuildFile; fileRef = 77C332F51EE6D30500C1E153 /* Utils.swift */; };
		77FA2E041EB22B9100C5364B /* AppDelegate.swift in Sources */ = {isa = PBXBuildFile; fileRef = 77FA2E031EB22B9100C5364B /* AppDelegate.swift */; };
		77FA2E091EB22B9100C5364B /* Main.storyboard in Resources */ = {isa = PBXBuildFile; fileRef = 77FA2E071EB22B9100C5364B /* Main.storyboard */; };
		77FA2E0B1EB22B9100C5364B /* Assets.xcassets in Resources */ = {isa = PBXBuildFile; fileRef = 77FA2E0A1EB22B9100C5364B /* Assets.xcassets */; };
		77FA2E0E1EB22B9100C5364B /* LaunchScreen.storyboard in Resources */ = {isa = PBXBuildFile; fileRef = 77FA2E0C1EB22B9100C5364B /* LaunchScreen.storyboard */; };
		77FA2E171EB22C0600C5364B /* TweetTableViewController.swift in Sources */ = {isa = PBXBuildFile; fileRef = 77FA2E161EB22C0600C5364B /* TweetTableViewController.swift */; };
/* End PBXBuildFile section */

/* Begin PBXCopyFilesBuildPhase section */
		77FA2E1E1EB2305C00C5364B /* Embed Frameworks */ = {
			isa = PBXCopyFilesBuildPhase;
			buildActionMask = 2147483647;
			dstPath = "";
			dstSubfolderSpec = 10;
			files = (
				77C332F01EE19E1E00C1E153 /* Twitter.framework in Embed Frameworks */,
			);
			name = "Embed Frameworks";
			runOnlyForDeploymentPostprocessing = 0;
		};
/* End PBXCopyFilesBuildPhase section */

/* Begin PBXFileReference section */
		77C332EE1EE19E1E00C1E153 /* Twitter.framework */ = {isa = PBXFileReference; explicitFileType = wrapper.framework; path = Twitter.framework; sourceTree = BUILT_PRODUCTS_DIR; };
		77C332F31EE6D18000C1E153 /* TweetTableViewCell.swift */ = {isa = PBXFileReference; fileEncoding = 4; lastKnownFileType = sourcecode.swift; path = TweetTableViewCell.swift; sourceTree = "<group>"; };
		77C332F51EE6D30500C1E153 /* Utils.swift */ = {isa = PBXFileReference; fileEncoding = 4; lastKnownFileType = sourcecode.swift; path = Utils.swift; sourceTree = "<group>"; };
		77FA2E001EB22B9100C5364B /* Smashtag.app */ = {isa = PBXFileReference; explicitFileType = wrapper.application; includeInIndex = 0; path = Smashtag.app; sourceTree = BUILT_PRODUCTS_DIR; };
		77FA2E031EB22B9100C5364B /* AppDelegate.swift */ = {isa = PBXFileReference; lastKnownFileType = sourcecode.swift; path = AppDelegate.swift; sourceTree = "<group>"; };
		77FA2E081EB22B9100C5364B /* Base */ = {isa = PBXFileReference; lastKnownFileType = file.storyboard; name = Base; path = Base.lproj/Main.storyboard; sourceTree = "<group>"; };
		77FA2E0A1EB22B9100C5364B /* Assets.xcassets */ = {isa = PBXFileReference; lastKnownFileType = folder.assetcatalog; path = Assets.xcassets; sourceTree = "<group>"; };
		77FA2E0D1EB22B9100C5364B /* Base */ = {isa = PBXFileReference; lastKnownFileType = file.storyboard; name = Base; path = Base.lproj/LaunchScreen.storyboard; sourceTree = "<group>"; };
		77FA2E0F1EB22B9100C5364B /* Info.plist */ = {isa = PBXFileReference; lastKnownFileType = text.plist.xml; path = Info.plist; sourceTree = "<group>"; };
		77FA2E161EB22C0600C5364B /* TweetTableViewController.swift */ = {isa = PBXFileReference; fileEncoding = 4; lastKnownFileType = sourcecode.swift; path = TweetTableViewController.swift; sourceTree = "<group>"; };
/* End PBXFileReference section */

/* Begin PBXFrameworksBuildPhase section */
		77FA2DFD1EB22B9100C5364B /* Frameworks */ = {
			isa = PBXFrameworksBuildPhase;
			buildActionMask = 2147483647;
			files = (
				77C332EF1EE19E1E00C1E153 /* Twitter.framework in Frameworks */,
			);
			runOnlyForDeploymentPostprocessing = 0;
		};
/* End PBXFrameworksBuildPhase section */

/* Begin PBXGroup section */
		77FA2DF71EB22B9000C5364B = {
			isa = PBXGroup;
			children = (
				77C332EE1EE19E1E00C1E153 /* Twitter.framework */,
				77FA2E021EB22B9100C5364B /* Smashtag */,
				77FA2E011EB22B9100C5364B /* Products */,
			);
			sourceTree = "<group>";
		};
		77FA2E011EB22B9100C5364B /* Products */ = {
			isa = PBXGroup;
			children = (
				77FA2E001EB22B9100C5364B /* Smashtag.app */,
			);
			name = Products;
			sourceTree = "<group>";
		};
		77FA2E021EB22B9100C5364B /* Smashtag */ = {
			isa = PBXGroup;
			children = (
				77FA2E151EB22B9F00C5364B /* Support */,
				77FA2E071EB22B9100C5364B /* Main.storyboard */,
				77FA2E161EB22C0600C5364B /* TweetTableViewController.swift */,
				77C332F31EE6D18000C1E153 /* TweetTableViewCell.swift */,
				77C332F51EE6D30500C1E153 /* Utils.swift */,
			);
			path = Smashtag;
			sourceTree = "<group>";
		};
		77FA2E151EB22B9F00C5364B /* Support */ = {
			isa = PBXGroup;
			children = (
				77FA2E031EB22B9100C5364B /* AppDelegate.swift */,
				77FA2E0A1EB22B9100C5364B /* Assets.xcassets */,
				77FA2E0C1EB22B9100C5364B /* LaunchScreen.storyboard */,
				77FA2E0F1EB22B9100C5364B /* Info.plist */,
			);
			name = Support;
			sourceTree = "<group>";
		};
/* End PBXGroup section */

/* Begin PBXNativeTarget section */
		77FA2DFF1EB22B9100C5364B /* Smashtag */ = {
			isa = PBXNativeTarget;
			buildConfigurationList = 77FA2E121EB22B9100C5364B /* Build configuration list for PBXNativeTarget "Smashtag" */;
			buildPhases = (
				77FA2DFC1EB22B9100C5364B /* Sources */,
				77FA2DFD1EB22B9100C5364B /* Frameworks */,
				77FA2DFE1EB22B9100C5364B /* Resources */,
				77FA2E1E1EB2305C00C5364B /* Embed Frameworks */,
			);
			buildRules = (
			);
			dependencies = (
			);
			name = Smashtag;
			productName = Smashtag;
			productReference = 77FA2E001EB22B9100C5364B /* Smashtag.app */;
			productType = "com.apple.product-type.application";
		};
/* End PBXNativeTarget section */

/* Begin PBXProject section */
		77FA2DF81EB22B9000C5364B /* Project object */ = {
			isa = PBXProject;
			attributes = {
				LastSwiftUpdateCheck = 0830;
				LastUpgradeCheck = 0830;
				ORGANIZATIONNAME = "Andriy Krupych";
				TargetAttributes = {
					77FA2DFF1EB22B9100C5364B = {
						CreatedOnToolsVersion = 8.3.2;
						DevelopmentTeam = 2KPQ79GXWA;
						ProvisioningStyle = Automatic;
					};
				};
			};
			buildConfigurationList = 77FA2DFB1EB22B9000C5364B /* Build configuration list for PBXProject "Smashtag" */;
			compatibilityVersion = "Xcode 3.2";
			developmentRegion = English;
			hasScannedForEncodings = 0;
			knownRegions = (
				en,
				Base,
			);
			mainGroup = 77FA2DF71EB22B9000C5364B;
			productRefGroup = 77FA2E011EB22B9100C5364B /* Products */;
			projectDirPath = "";
			projectRoot = "";
			targets = (
				77FA2DFF1EB22B9100C5364B /* Smashtag */,
			);
		};
/* End PBXProject section */

/* Begin PBXResourcesBuildPhase section */
		77FA2DFE1EB22B9100C5364B /* Resources */ = {
			isa = PBXResourcesBuildPhase;
			buildActionMask = 2147483647;
			files = (
				77FA2E0E1EB22B9100C5364B /* LaunchScreen.storyboard in Resources */,
				77FA2E0B1EB22B9100C5364B /* Assets.xcassets in Resources */,
				77FA2E091EB22B9100C5364B /* Main.storyboard in Resources */,
			);
			runOnlyForDeploymentPostprocessing = 0;
		};
/* End PBXResourcesBuildPhase section */

/* Begin PBXSourcesBuildPhase section */
		77FA2DFC1EB22B9100C5364B /* Sources */ = {
			isa = PBXSourcesBuildPhase;
			buildActionMask = 2147483647;
			files = (
				77FA2E041EB22B9100C5364B /* AppDelegate.swift in Sources */,
				77FA2E171EB22C0600C5364B /* TweetTableViewController.swift in Sources */,
				77C332F41EE6D18000C1E153 /* TweetTableViewCell.swift in Sources */,
				77C332F61EE6D30500C1E153 /* Utils.swift in Sources */,
			);
			runOnlyForDeploymentPostprocessing = 0;
		};
/* End PBXSourcesBuildPhase section */

/* Begin PBXVariantGroup section */
		77FA2E071EB22B9100C5364B /* Main.storyboard */ = {
			isa = PBXVariantGroup;
			children = (
				77FA2E081EB22B9100C5364B /* Base */,
			);
			name = Main.storyboard;
			sourceTree = "<group>";
		};
		77FA2E0C1EB22B9100C5364B /* LaunchScreen.storyboard */ = {
			isa = PBXVariantGroup;
			children = (
				77FA2E0D1EB22B9100C5364B /* Base */,
			);
			name = LaunchScreen.storyboard;
			sourceTree = "<group>";
		};
/* End PBXVariantGroup section */

/* Begin XCBuildConfiguration section */
		77FA2E101EB22B9100C5364B /* Debug */ = {
			isa = XCBuildConfiguration;
			buildSettings = {
				ALWAYS_SEARCH_USER_PATHS = NO;
				CLANG_ANALYZER_NONNULL = YES;
				CLANG_ANALYZER_NUMBER_OBJECT_CONVERSION = YES_AGGRESSIVE;
				CLANG_CXX_LANGUAGE_STANDARD = "gnu++0x";
				CLANG_CXX_LIBRARY = "libc++";
				CLANG_ENABLE_MODULES = YES;
				CLANG_ENABLE_OBJC_ARC = YES;
				CLANG_WARN_BOOL_CONVERSION = YES;
				CLANG_WARN_CONSTANT_CONVERSION = YES;
				CLANG_WARN_DIRECT_OBJC_ISA_USAGE = YES_ERROR;
				CLANG_WARN_DOCUMENTATION_COMMENTS = YES;
				CLANG_WARN_EMPTY_BODY = YES;
				CLANG_WARN_ENUM_CONVERSION = YES;
				CLANG_WARN_INFINITE_RECURSION = YES;
				CLANG_WARN_INT_CONVERSION = YES;
				CLANG_WARN_OBJC_ROOT_CLASS = YES_ERROR;
				CLANG_WARN_SUSPICIOUS_MOVE = YES;
				CLANG_WARN_UNREACHABLE_CODE = YES;
				CLANG_WARN__DUPLICATE_METHOD_MATCH = YES;
				"CODE_SIGN_IDENTITY[sdk=iphoneos*]" = "iPhone Developer";
				COPY_PHASE_STRIP = NO;
				DEBUG_INFORMATION_FORMAT = dwarf;
				ENABLE_STRICT_OBJC_MSGSEND = YES;
				ENABLE_TESTABILITY = YES;
				GCC_C_LANGUAGE_STANDARD = gnu99;
				GCC_DYNAMIC_NO_PIC = NO;
				GCC_NO_COMMON_BLOCKS = YES;
				GCC_OPTIMIZATION_LEVEL = 0;
				GCC_PREPROCESSOR_DEFINITIONS = (
					"DEBUG=1",
					"$(inherited)",
				);
				GCC_WARN_64_TO_32_BIT_CONVERSION = YES;
				GCC_WARN_ABOUT_RETURN_TYPE = YES_ERROR;
				GCC_WARN_UNDECLARED_SELECTOR = YES;
				GCC_WARN_UNINITIALIZED_AUTOS = YES_AGGRESSIVE;
				GCC_WARN_UNUSED_FUNCTION = YES;
				GCC_WARN_UNUSED_VARIABLE = YES;
				IPHONEOS_DEPLOYMENT_TARGET = 10.3;
				MTL_ENABLE_DEBUG_INFO = YES;
				ONLY_ACTIVE_ARCH = YES;
				SDKROOT = iphoneos;
				SWIFT_ACTIVE_COMPILATION_CONDITIONS = DEBUG;
				SWIFT_OPTIMIZATION_LEVEL = "-Onone";
			};
			name = Debug;
		};
		77FA2E111EB22B9100C5364B /* Release */ = {
			isa = XCBuildConfiguration;
			buildSettings = {
				ALWAYS_SEARCH_USER_PATHS = NO;
				CLANG_ANALYZER_NONNULL = YES;
				CLANG_ANALYZER_NUMBER_OBJECT_CONVERSION = YES_AGGRESSIVE;
				CLANG_CXX_LANGUAGE_STANDARD = "gnu++0x";
				CLANG_CXX_LIBRARY = "libc++";
				CLANG_ENABLE_MODULES = YES;
				CLANG_ENABLE_OBJC_ARC = YES;
				CLANG_WARN_BOOL_CONVERSION = YES;
				CLANG_WARN_CONSTANT_CONVERSION = YES;
				CLANG_WARN_DIRECT_OBJC_ISA_USAGE = YES_ERROR;
				CLANG_WARN_DOCUMENTATION_COMMENTS = YES;
				CLANG_WARN_EMPTY_BODY = YES;
				CLANG_WARN_ENUM_CONVERSION = YES;
				CLANG_WARN_INFINITE_RECURSION = YES;
				CLANG_WARN_INT_CONVERSION = YES;
				CLANG_WARN_OBJC_ROOT_CLASS = YES_ERROR;
				CLANG_WARN_SUSPICIOUS_MOVE = YES;
				CLANG_WARN_UNREACHABLE_CODE = YES;
				CLANG_WARN__DUPLICATE_METHOD_MATCH = YES;
				"CODE_SIGN_IDENTITY[sdk=iphoneos*]" = "iPhone Developer";
				COPY_PHASE_STRIP = NO;
				DEBUG_INFORMATION_FORMAT = "dwarf-with-dsym";
				ENABLE_NS_ASSERTIONS = NO;
				ENABLE_STRICT_OBJC_MSGSEND = YES;
				GCC_C_LANGUAGE_STANDARD = gnu99;
				GCC_NO_COMMON_BLOCKS = YES;
				GCC_WARN_64_TO_32_BIT_CONVERSION = YES;
				GCC_WARN_ABOUT_RETURN_TYPE = YES_ERROR;
				GCC_WARN_UNDECLARED_SELECTOR = YES;
				GCC_WARN_UNINITIALIZED_AUTOS = YES_AGGRESSIVE;
				GCC_WARN_UNUSED_FUNCTION = YES;
				GCC_WARN_UNUSED_VARIABLE = YES;
				IPHONEOS_DEPLOYMENT_TARGET = 10.3;
				MTL_ENABLE_DEBUG_INFO = NO;
				SDKROOT = iphoneos;
				SWIFT_OPTIMIZATION_LEVEL = "-Owholemodule";
				VALIDATE_PRODUCT = YES;
			};
			name = Release;
		};
		77FA2E131EB22B9100C5364B /* Debug */ = {
			isa = XCBuildConfiguration;
			buildSettings = {
				ASSETCATALOG_COMPILER_APPICON_NAME = AppIcon;
				DEVELOPMENT_TEAM = 2KPQ79GXWA;
				INFOPLIST_FILE = Smashtag/Info.plist;
				LD_RUNPATH_SEARCH_PATHS = "$(inherited) @executable_path/Frameworks";
				PRODUCT_BUNDLE_IDENTIFIER = se.remit.Smashtag;
				PRODUCT_NAME = "$(TARGET_NAME)";
				SWIFT_VERSION = 3.0;
			};
			name = Debug;
		};
		77FA2E141EB22B9100C5364B /* Release */ = {
			isa = XCBuildConfiguration;
			buildSettings = {
				ASSETCATALOG_COMPILER_APPICON_NAME = AppIcon;
				DEVELOPMENT_TEAM = 2KPQ79GXWA;
				INFOPLIST_FILE = Smashtag/Info.plist;
				LD_RUNPATH_SEARCH_PATHS = "$(inherited) @executable_path/Frameworks";
				PRODUCT_BUNDLE_IDENTIFIER = se.remit.Smashtag;
				PRODUCT_NAME = "$(TARGET_NAME)";
				SWIFT_VERSION = 3.0;
			};
			name = Release;
		};
/* End XCBuildConfiguration section */

/* Begin XCConfigurationList section */
		77FA2DFB1EB22B9000C5364B /* Build configuration list for PBXProject "Smashtag" */ = {
			isa = XCConfigurationList;
			buildConfigurations = (
				77FA2E101EB22B9100C5364B /* Debug */,
				77FA2E111EB22B9100C5364B /* Release */,
			);
			defaultConfigurationIsVisible = 0;
			defaultConfigurationName = Release;
		};
		77FA2E121EB22B9100C5364B /* Build configuration list for PBXNativeTarget "Smashtag" */ = {
			isa = XCConfigurationList;
			buildConfigurations = (
				77FA2E131EB22B9100C5364B /* Debug */,
				77FA2E141EB22B9100C5364B /* Release */,
			);
			defaultConfigurationIsVisible = 0;
			defaultConfigurationName = Release;
		};
/* End XCConfigurationList section */
	};
	rootObject = 77FA2DF81EB22B9000C5364B /* Project object */;
}
